- type: entity
  parent: BaseItem
  id: RMCDigitalClock
  name: ent-RMCDigitalClock
  description: ent-RMCDigitalClock-desc
  components:
  - type: Item
    size: Small
  - type: Sprite
    sprite: _RMC14/Objects/Devices/clocks.rsi
    state: digital_clock
  - type: RMCClock

- type: entity
  id: RMCCatClock
  name: ent-RMCCatClock
  description: ent-RMCCatClock-desc
  components:
  - type: Sprite
    drawdepth: WallMountedItems
    sprite: _RMC14/Objects/Devices/clocks.rsi
    state: cat_clock_motion
  - type: RMCClock
  - type: WallMount
  - type: Clickable
  - type: InteractionOutline
  - type: Physics
    bodyType: Static
    canCollide: false

- type: entity
  id: RMCWoodClock
  name: ent-RMCWoodClock
  description: ent-RMCWoodClock-desc
  components:
  - type: Sprite
    drawdepth: WallMountedItems
    sprite: _RMC14/Objects/Devices/clocks.rsi
    state: wood_clock
  - type: RMCClock
  - type: WallMount
  - type: Clickable
  - type: InteractionOutline
  - type: Physics
    bodyType: Static
    canCollide: false

- type: entity
  parent: RMCWoodClock
  id: RMCGoldClock
  name: ent-RMCGoldClock
  description: ent-RMCGoldClock-desc
  components:
  - type: Sprite
    drawdepth: WallMountedItems
    sprite: _RMC14/Objects/Devices/clocks.rsi
    state: gold_clock
